
Microsoft Visual Studio Solution File, Format Version 12.00
# Visual Studio Version 16
VisualStudioVersion = 16.0.32802.440
MinimumVisualStudioVersion = 10.0.40219.1
Project("{8BC9CEB8-8B4A-11D0-8D11-00A0C91BC942}") = "1978_CPP", "1978_CPP\1978_CPP.vcxproj", "{A843DB46-E0A6-40FB-B12E-D9F77BD3E4C0}"
EndProject
Global
	GlobalSection(SolutionConfigurationPlatforms) = preSolution
		Debug|x64 = Debug|x64
		Debug|x86 = Debug|x86
		Release|x64 = Release|x64
		Release|x86 = Release|x86
	EndGlobalSection
	GlobalSection(ProjectConfigurationPlatforms) = postSolution
		{A843DB46-E0A6-40FB-B12E-D9F77BD3E4C0}.Debug|x64.ActiveCfg = Debug|x64
		{A843DB46-E0A6-40FB-B12E-D9F77BD3E4C0}.Debug|x64.Build.0 = Debug|x64
		{A843DB46-E0A6-40FB-B12E-D9F77BD3E4C0}.Debug|x86.ActiveCfg = Debug|Win32
		{A843DB46-E0A6-40FB-B12E-D9F77BD3E4C0}.Debug|x86.Build.0 = Debug|Win32
		{A843DB46-E0A6-40FB-B12E-D9F77BD3E4C0}.Release|x64.ActiveCfg = Release|x64
		{A843DB46-E0A6-40FB-B12E-D9F77BD3E4C0}.Release|x64.Build.0 = Release|x64
		{A843DB46-E0A6-40FB-B12E-D9F77BD3E4C0}.Release|x86.ActiveCfg = Release|Win32
		{A843DB46-E0A6-40FB-B12E-D9F77BD3E4C0}.Release|x86.Build.0 = Release|Win32
	EndGlobalSection
	GlobalSection(SolutionProperties) = preSolution
		HideSolutionNode = FALSE
	EndGlobalSection
	GlobalSection(ExtensibilityGlobals) = postSolution
		SolutionGuid = {1365C6EA-49CF-462B-8C52-03A95BA13644}
	EndGlobalSection
EndGlobal
