
Microsoft Visual Studio Solution File, Format Version 12.00
# Visual Studio Version 16
VisualStudioVersion = 16.0.33328.57
MinimumVisualStudioVersion = 10.0.40219.1
Project("{8BC9CEB8-8B4A-11D0-8D11-00A0C91BC942}") = "10872", "10872\10872.vcxproj", "{35121577-51D3-4A66-ADD6-5F8E892B3DBE}"
EndProject
Global
	GlobalSection(SolutionConfigurationPlatforms) = preSolution
		Debug|x64 = Debug|x64
		Debug|x86 = Debug|x86
		Release|x64 = Release|x64
		Release|x86 = Release|x86
	EndGlobalSection
	GlobalSection(ProjectConfigurationPlatforms) = postSolution
		{35121577-51D3-4A66-ADD6-5F8E892B3DBE}.Debug|x64.ActiveCfg = Debug|x64
		{35121577-51D3-4A66-ADD6-5F8E892B3DBE}.Debug|x64.Build.0 = Debug|x64
		{35121577-51D3-4A66-ADD6-5F8E892B3DBE}.Debug|x86.ActiveCfg = Debug|Win32
		{35121577-51D3-4A66-ADD6-5F8E892B3DBE}.Debug|x86.Build.0 = Debug|Win32
		{35121577-51D3-4A66-ADD6-5F8E892B3DBE}.Release|x64.ActiveCfg = Release|x64
		{35121577-51D3-4A66-ADD6-5F8E892B3DBE}.Release|x64.Build.0 = Release|x64
		{35121577-51D3-4A66-ADD6-5F8E892B3DBE}.Release|x86.ActiveCfg = Release|Win32
		{35121577-51D3-4A66-ADD6-5F8E892B3DBE}.Release|x86.Build.0 = Release|Win32
	EndGlobalSection
	GlobalSection(SolutionProperties) = preSolution
		HideSolutionNode = FALSE
	EndGlobalSection
	GlobalSection(ExtensibilityGlobals) = postSolution
		SolutionGuid = {778C387C-EC3D-4DD4-BB4B-84DB1AC97457}
	EndGlobalSection
EndGlobal
